// !$*UTF8*$!
{
	archiveVersion = 1;
	classes = {
	};
	objectVersion = 51;
	objects = {

/* Begin PBXBuildFile section */
		8468123324559E1C0007E159 /* AppDelegate.swift in Sources */ = {isa = PBXBuildFile; fileRef = 8468123224559E1C0007E159 /* AppDelegate.swift */; };
		8468123724559E1C0007E159 /* ViewController.swift in Sources */ = {isa = PBXBuildFile; fileRef = 8468123624559E1C0007E159 /* ViewController.swift */; };
		8468123A24559E1C0007E159 /* Main.storyboard in Resources */ = {isa = PBXBuildFile; fileRef = 8468123824559E1C0007E159 /* Main.storyboard */; };
		8468123C24559E200007E159 /* Assets.xcassets in Resources */ = {isa = PBXBuildFile; fileRef = 8468123B24559E200007E159 /* Assets.xcassets */; };
		8468123F24559E200007E159 /* LaunchScreen.storyboard in Resources */ = {isa = PBXBuildFile; fileRef = 8468123D24559E200007E159 /* LaunchScreen.storyboard */; };
		8468124A24559E200007E159 /* NearbyWikiTests.swift in Sources */ = {isa = PBXBuildFile; fileRef = 8468124924559E200007E159 /* NearbyWikiTests.swift */; };
		8468125524559F960007E159 /* AppCoordinator.swift in Sources */ = {isa = PBXBuildFile; fileRef = 8468125424559F960007E159 /* AppCoordinator.swift */; };
		846812632455AD8B0007E159 /* AppDependencies.swift in Sources */ = {isa = PBXBuildFile; fileRef = 846812622455AD8B0007E159 /* AppDependencies.swift */; };
		846812662455AE870007E159 /* Alert.swift in Sources */ = {isa = PBXBuildFile; fileRef = 846812652455AE870007E159 /* Alert.swift */; };
		846812682455AEE80007E159 /* Localizable.strings in Resources */ = {isa = PBXBuildFile; fileRef = 846812672455AEE80007E159 /* Localizable.strings */; };
		8468126B2455AF210007E159 /* StringExtension.swift in Sources */ = {isa = PBXBuildFile; fileRef = 8468126A2455AF210007E159 /* StringExtension.swift */; };
		846812702455B0DB0007E159 /* Assets.swift in Sources */ = {isa = PBXBuildFile; fileRef = 8468126C2455B0DB0007E159 /* Assets.swift */; };
		846812712455B0DB0007E159 /* Storyboards.swift in Sources */ = {isa = PBXBuildFile; fileRef = 8468126D2455B0DB0007E159 /* Storyboards.swift */; };
		846812722455B0DB0007E159 /* Plist.swift in Sources */ = {isa = PBXBuildFile; fileRef = 8468126E2455B0DB0007E159 /* Plist.swift */; };
		846812732455B0DB0007E159 /* L10n.swift in Sources */ = {isa = PBXBuildFile; fileRef = 8468126F2455B0DB0007E159 /* L10n.swift */; };
		E5CA6F4D46E92F49470BB88E /* Pods_NearbyWiki.framework in Frameworks */ = {isa = PBXBuildFile; fileRef = 6110E928484B57020D47AD65 /* Pods_NearbyWiki.framework */; };
		F4CA6A6B96F5AF6A9ADD8F43 /* Pods_NearbyWikiTests.framework in Frameworks */ = {isa = PBXBuildFile; fileRef = 83982501A4ADB151F8AB82BA /* Pods_NearbyWikiTests.framework */; };
/* End PBXBuildFile section */

/* Begin PBXContainerItemProxy section */
		8468124624559E200007E159 /* PBXContainerItemProxy */ = {
			isa = PBXContainerItemProxy;
			containerPortal = 8468122724559E1C0007E159 /* Project object */;
			proxyType = 1;
			remoteGlobalIDString = 8468122E24559E1C0007E159;
			remoteInfo = NearbyWiki;
		};
/* End PBXContainerItemProxy section */

/* Begin PBXFileReference section */
		3A4BE86A335B9DF361B94494 /* Pods-NearbyWikiTests.release.xcconfig */ = {isa = PBXFileReference; includeInIndex = 1; lastKnownFileType = text.xcconfig; name = "Pods-NearbyWikiTests.release.xcconfig"; path = "Target Support Files/Pods-NearbyWikiTests/Pods-NearbyWikiTests.release.xcconfig"; sourceTree = "<group>"; };
		6110E928484B57020D47AD65 /* Pods_NearbyWiki.framework */ = {isa = PBXFileReference; explicitFileType = wrapper.framework; includeInIndex = 0; path = Pods_NearbyWiki.framework; sourceTree = BUILT_PRODUCTS_DIR; };
		714C00590EB4D007EF8DD562 /* Pods-NearbyWiki.release.xcconfig */ = {isa = PBXFileReference; includeInIndex = 1; lastKnownFileType = text.xcconfig; name = "Pods-NearbyWiki.release.xcconfig"; path = "Target Support Files/Pods-NearbyWiki/Pods-NearbyWiki.release.xcconfig"; sourceTree = "<group>"; };
		83982501A4ADB151F8AB82BA /* Pods_NearbyWikiTests.framework */ = {isa = PBXFileReference; explicitFileType = wrapper.framework; includeInIndex = 0; path = Pods_NearbyWikiTests.framework; sourceTree = BUILT_PRODUCTS_DIR; };
		8468122F24559E1C0007E159 /* NearbyWiki.app */ = {isa = PBXFileReference; explicitFileType = wrapper.application; includeInIndex = 0; path = NearbyWiki.app; sourceTree = BUILT_PRODUCTS_DIR; };
		8468123224559E1C0007E159 /* AppDelegate.swift */ = {isa = PBXFileReference; lastKnownFileType = sourcecode.swift; path = AppDelegate.swift; sourceTree = "<group>"; };
		8468123624559E1C0007E159 /* ViewController.swift */ = {isa = PBXFileReference; lastKnownFileType = sourcecode.swift; path = ViewController.swift; sourceTree = "<group>"; };
		8468123924559E1C0007E159 /* Base */ = {isa = PBXFileReference; lastKnownFileType = file.storyboard; name = Base; path = Base.lproj/Main.storyboard; sourceTree = "<group>"; };
		8468123B24559E200007E159 /* Assets.xcassets */ = {isa = PBXFileReference; lastKnownFileType = folder.assetcatalog; path = Assets.xcassets; sourceTree = "<group>"; };
		8468123E24559E200007E159 /* Base */ = {isa = PBXFileReference; lastKnownFileType = file.storyboard; name = Base; path = Base.lproj/LaunchScreen.storyboard; sourceTree = "<group>"; };
		8468124024559E200007E159 /* Info.plist */ = {isa = PBXFileReference; lastKnownFileType = text.plist.xml; path = Info.plist; sourceTree = "<group>"; };
		8468124524559E200007E159 /* NearbyWikiTests.xctest */ = {isa = PBXFileReference; explicitFileType = wrapper.cfbundle; includeInIndex = 0; path = NearbyWikiTests.xctest; sourceTree = BUILT_PRODUCTS_DIR; };
		8468124924559E200007E159 /* NearbyWikiTests.swift */ = {isa = PBXFileReference; lastKnownFileType = sourcecode.swift; path = NearbyWikiTests.swift; sourceTree = "<group>"; };
		8468124B24559E200007E159 /* Info.plist */ = {isa = PBXFileReference; lastKnownFileType = text.plist.xml; path = Info.plist; sourceTree = "<group>"; };
		8468125424559F960007E159 /* AppCoordinator.swift */ = {isa = PBXFileReference; lastKnownFileType = sourcecode.swift; path = AppCoordinator.swift; sourceTree = "<group>"; };
		8468125E2455A2690007E159 /* Development.xcconfig */ = {isa = PBXFileReference; lastKnownFileType = text.xcconfig; path = Development.xcconfig; sourceTree = "<group>"; };
		846812622455AD8B0007E159 /* AppDependencies.swift */ = {isa = PBXFileReference; lastKnownFileType = sourcecode.swift; path = AppDependencies.swift; sourceTree = "<group>"; };
		846812652455AE870007E159 /* Alert.swift */ = {isa = PBXFileReference; lastKnownFileType = sourcecode.swift; path = Alert.swift; sourceTree = "<group>"; };
		846812672455AEE80007E159 /* Localizable.strings */ = {isa = PBXFileReference; lastKnownFileType = text.plist.strings; path = Localizable.strings; sourceTree = "<group>"; };
		8468126A2455AF210007E159 /* StringExtension.swift */ = {isa = PBXFileReference; lastKnownFileType = sourcecode.swift; path = StringExtension.swift; sourceTree = "<group>"; };
		8468126C2455B0DB0007E159 /* Assets.swift */ = {isa = PBXFileReference; fileEncoding = 4; lastKnownFileType = sourcecode.swift; path = Assets.swift; sourceTree = "<group>"; };
		8468126D2455B0DB0007E159 /* Storyboards.swift */ = {isa = PBXFileReference; fileEncoding = 4; lastKnownFileType = sourcecode.swift; path = Storyboards.swift; sourceTree = "<group>"; };
		8468126E2455B0DB0007E159 /* Plist.swift */ = {isa = PBXFileReference; fileEncoding = 4; lastKnownFileType = sourcecode.swift; path = Plist.swift; sourceTree = "<group>"; };
		8468126F2455B0DB0007E159 /* L10n.swift */ = {isa = PBXFileReference; fileEncoding = 4; lastKnownFileType = sourcecode.swift; path = L10n.swift; sourceTree = "<group>"; };
		8AB9C45C36480C2683E60D3A /* Pods-NearbyWikiTests.debug.xcconfig */ = {isa = PBXFileReference; includeInIndex = 1; lastKnownFileType = text.xcconfig; name = "Pods-NearbyWikiTests.debug.xcconfig"; path = "Target Support Files/Pods-NearbyWikiTests/Pods-NearbyWikiTests.debug.xcconfig"; sourceTree = "<group>"; };
		E6A5947D9D01CC14DC1062C7 /* Pods-NearbyWiki.debug.xcconfig */ = {isa = PBXFileReference; includeInIndex = 1; lastKnownFileType = text.xcconfig; name = "Pods-NearbyWiki.debug.xcconfig"; path = "Target Support Files/Pods-NearbyWiki/Pods-NearbyWiki.debug.xcconfig"; sourceTree = "<group>"; };
/* End PBXFileReference section */

/* Begin PBXFrameworksBuildPhase section */
		8468122C24559E1C0007E159 /* Frameworks */ = {
			isa = PBXFrameworksBuildPhase;
			buildActionMask = 2147483647;
			files = (
				E5CA6F4D46E92F49470BB88E /* Pods_NearbyWiki.framework in Frameworks */,
			);
			runOnlyForDeploymentPostprocessing = 0;
		};
		8468124224559E200007E159 /* Frameworks */ = {
			isa = PBXFrameworksBuildPhase;
			buildActionMask = 2147483647;
			files = (
				F4CA6A6B96F5AF6A9ADD8F43 /* Pods_NearbyWikiTests.framework in Frameworks */,
			);
			runOnlyForDeploymentPostprocessing = 0;
		};
/* End PBXFrameworksBuildPhase section */

/* Begin PBXGroup section */
		244D98A5AE5C9659E528F0A4 /* Frameworks */ = {
			isa = PBXGroup;
			children = (
				6110E928484B57020D47AD65 /* Pods_NearbyWiki.framework */,
				83982501A4ADB151F8AB82BA /* Pods_NearbyWikiTests.framework */,
			);
			name = Frameworks;
			sourceTree = "<group>";
		};
		8468122624559E1C0007E159 = {
			isa = PBXGroup;
			children = (
				8468123124559E1C0007E159 /* NearbyWiki */,
				8468124824559E200007E159 /* NearbyWikiTests */,
				8468123024559E1C0007E159 /* Products */,
				9697E1C2B759CE89C00C195B /* Pods */,
				244D98A5AE5C9659E528F0A4 /* Frameworks */,
			);
			sourceTree = "<group>";
		};
		8468123024559E1C0007E159 /* Products */ = {
			isa = PBXGroup;
			children = (
				8468122F24559E1C0007E159 /* NearbyWiki.app */,
				8468124524559E200007E159 /* NearbyWikiTests.xctest */,
			);
			name = Products;
			sourceTree = "<group>";
		};
		8468123124559E1C0007E159 /* NearbyWiki */ = {
			isa = PBXGroup;
			children = (
				846812562455A0AB0007E159 /* Application */,
				8468125D2455A24F0007E159 /* Configuration */,
				8468124024559E200007E159 /* Info.plist */,
			);
			path = NearbyWiki;
			sourceTree = "<group>";
		};
		8468124824559E200007E159 /* NearbyWikiTests */ = {
			isa = PBXGroup;
			children = (
				8468124924559E200007E159 /* NearbyWikiTests.swift */,
				8468124B24559E200007E159 /* Info.plist */,
			);
			path = NearbyWikiTests;
			sourceTree = "<group>";
		};
		846812562455A0AB0007E159 /* Application */ = {
			isa = PBXGroup;
			children = (
				8468123224559E1C0007E159 /* AppDelegate.swift */,
				8468125424559F960007E159 /* AppCoordinator.swift */,
				846812622455AD8B0007E159 /* AppDependencies.swift */,
				846812572455A0B60007E159 /* Sources */,
				846812582455A0BD0007E159 /* Resources */,
			);
			path = Application;
			sourceTree = "<group>";
		};
		846812572455A0B60007E159 /* Sources */ = {
			isa = PBXGroup;
			children = (
				846812692455AF080007E159 /* Extensions */,
				846812642455AE5E0007E159 /* Protocols */,
				8468125A2455A1670007E159 /* Services */,
				846812592455A1610007E159 /* Scenes */,
			);
			path = Sources;
			sourceTree = "<group>";
		};
		846812582455A0BD0007E159 /* Resources */ = {
			isa = PBXGroup;
			children = (
				846812612455AC430007E159 /* SwiftGen */,
				8468123B24559E200007E159 /* Assets.xcassets */,
				846812672455AEE80007E159 /* Localizable.strings */,
			);
			path = Resources;
			sourceTree = "<group>";
		};
		846812592455A1610007E159 /* Scenes */ = {
			isa = PBXGroup;
			children = (
				8468125B2455A16F0007E159 /* LaunchScene */,
				8468125C2455A1790007E159 /* HomeScene */,
			);
			path = Scenes;
			sourceTree = "<group>";
		};
		8468125A2455A1670007E159 /* Services */ = {
			isa = PBXGroup;
			children = (
			);
			path = Services;
			sourceTree = "<group>";
		};
		8468125B2455A16F0007E159 /* LaunchScene */ = {
			isa = PBXGroup;
			children = (
				8468123D24559E200007E159 /* LaunchScreen.storyboard */,
			);
			path = LaunchScene;
			sourceTree = "<group>";
		};
		8468125C2455A1790007E159 /* HomeScene */ = {
			isa = PBXGroup;
			children = (
				8468123624559E1C0007E159 /* ViewController.swift */,
				8468123824559E1C0007E159 /* Main.storyboard */,
			);
			path = HomeScene;
			sourceTree = "<group>";
		};
		8468125D2455A24F0007E159 /* Configuration */ = {
			isa = PBXGroup;
			children = (
				8468125E2455A2690007E159 /* Development.xcconfig */,
			);
			path = Configuration;
			sourceTree = "<group>";
		};
		846812612455AC430007E159 /* SwiftGen */ = {
			isa = PBXGroup;
			children = (
				8468126C2455B0DB0007E159 /* Assets.swift */,
				8468126F2455B0DB0007E159 /* L10n.swift */,
				8468126E2455B0DB0007E159 /* Plist.swift */,
				8468126D2455B0DB0007E159 /* Storyboards.swift */,
			);
			path = SwiftGen;
			sourceTree = "<group>";
		};
		846812642455AE5E0007E159 /* Protocols */ = {
			isa = PBXGroup;
			children = (
				846812652455AE870007E159 /* Alert.swift */,
			);
			path = Protocols;
			sourceTree = "<group>";
		};
		846812692455AF080007E159 /* Extensions */ = {
			isa = PBXGroup;
			children = (
				8468126A2455AF210007E159 /* StringExtension.swift */,
			);
			path = Extensions;
			sourceTree = "<group>";
		};
		9697E1C2B759CE89C00C195B /* Pods */ = {
			isa = PBXGroup;
			children = (
				E6A5947D9D01CC14DC1062C7 /* Pods-NearbyWiki.debug.xcconfig */,
				714C00590EB4D007EF8DD562 /* Pods-NearbyWiki.release.xcconfig */,
				8AB9C45C36480C2683E60D3A /* Pods-NearbyWikiTests.debug.xcconfig */,
				3A4BE86A335B9DF361B94494 /* Pods-NearbyWikiTests.release.xcconfig */,
			);
			path = Pods;
			sourceTree = "<group>";
		};
/* End PBXGroup section */

/* Begin PBXNativeTarget section */
		8468122E24559E1C0007E159 /* NearbyWiki */ = {
			isa = PBXNativeTarget;
			buildConfigurationList = 8468124E24559E200007E159 /* Build configuration list for PBXNativeTarget "NearbyWiki" */;
			buildPhases = (
				2F0EC0F503386EEEA4CF0D1F /* [CP] Check Pods Manifest.lock */,
				8468122B24559E1C0007E159 /* Sources */,
				8468122C24559E1C0007E159 /* Frameworks */,
				8468122D24559E1C0007E159 /* Resources */,
				8468125F2455A8F40007E159 /* SwiftLint */,
				846812602455A91C0007E159 /* SwiftGen */,
				E524771A5C36B237369A412C /* [CP] Embed Pods Frameworks */,
			);
			buildRules = (
			);
			dependencies = (
			);
			name = NearbyWiki;
			productName = NearbyWiki;
			productReference = 8468122F24559E1C0007E159 /* NearbyWiki.app */;
			productType = "com.apple.product-type.application";
		};
		8468124424559E200007E159 /* NearbyWikiTests */ = {
			isa = PBXNativeTarget;
			buildConfigurationList = 8468125124559E200007E159 /* Build configuration list for PBXNativeTarget "NearbyWikiTests" */;
			buildPhases = (
				718464C66E966A6A854F9788 /* [CP] Check Pods Manifest.lock */,
				8468124124559E200007E159 /* Sources */,
				8468124224559E200007E159 /* Frameworks */,
				8468124324559E200007E159 /* Resources */,
			);
			buildRules = (
			);
			dependencies = (
				8468124724559E200007E159 /* PBXTargetDependency */,
			);
			name = NearbyWikiTests;
			productName = NearbyWikiTests;
			productReference = 8468124524559E200007E159 /* NearbyWikiTests.xctest */;
			productType = "com.apple.product-type.bundle.unit-test";
		};
/* End PBXNativeTarget section */

/* Begin PBXProject section */
		8468122724559E1C0007E159 /* Project object */ = {
			isa = PBXProject;
			attributes = {
				LastSwiftUpdateCheck = 1140;
				LastUpgradeCheck = 1140;
				ORGANIZATIONNAME = test;
				TargetAttributes = {
					8468122E24559E1C0007E159 = {
						CreatedOnToolsVersion = 11.4.1;
					};
					8468124424559E200007E159 = {
						CreatedOnToolsVersion = 11.4.1;
						TestTargetID = 8468122E24559E1C0007E159;
					};
				};
			};
			buildConfigurationList = 8468122A24559E1C0007E159 /* Build configuration list for PBXProject "NearbyWiki" */;
			compatibilityVersion = "Xcode 9.3";
			developmentRegion = en;
			hasScannedForEncodings = 0;
			knownRegions = (
				en,
				Base,
			);
			mainGroup = 8468122624559E1C0007E159;
			productRefGroup = 8468123024559E1C0007E159 /* Products */;
			projectDirPath = "";
			projectRoot = "";
			targets = (
				8468122E24559E1C0007E159 /* NearbyWiki */,
				8468124424559E200007E159 /* NearbyWikiTests */,
			);
		};
/* End PBXProject section */

/* Begin PBXResourcesBuildPhase section */
		8468122D24559E1C0007E159 /* Resources */ = {
			isa = PBXResourcesBuildPhase;
			buildActionMask = 2147483647;
			files = (
				8468123F24559E200007E159 /* LaunchScreen.storyboard in Resources */,
				846812682455AEE80007E159 /* Localizable.strings in Resources */,
				8468123C24559E200007E159 /* Assets.xcassets in Resources */,
				8468123A24559E1C0007E159 /* Main.storyboard in Resources */,
			);
			runOnlyForDeploymentPostprocessing = 0;
		};
		8468124324559E200007E159 /* Resources */ = {
			isa = PBXResourcesBuildPhase;
			buildActionMask = 2147483647;
			files = (
			);
			runOnlyForDeploymentPostprocessing = 0;
		};
/* End PBXResourcesBuildPhase section */

/* Begin PBXShellScriptBuildPhase section */
		2F0EC0F503386EEEA4CF0D1F /* [CP] Check Pods Manifest.lock */ = {
			isa = PBXShellScriptBuildPhase;
			buildActionMask = 2147483647;
			files = (
			);
			inputFileListPaths = (
			);
			inputPaths = (
				"${PODS_PODFILE_DIR_PATH}/Podfile.lock",
				"${PODS_ROOT}/Manifest.lock",
			);
			name = "[CP] Check Pods Manifest.lock";
			outputFileListPaths = (
			);
			outputPaths = (
				"$(DERIVED_FILE_DIR)/Pods-NearbyWiki-checkManifestLockResult.txt",
			);
			runOnlyForDeploymentPostprocessing = 0;
			shellPath = /bin/sh;
			shellScript = "diff \"${PODS_PODFILE_DIR_PATH}/Podfile.lock\" \"${PODS_ROOT}/Manifest.lock\" > /dev/null\nif [ $? != 0 ] ; then\n    # print error to STDERR\n    echo \"error: The sandbox is not in sync with the Podfile.lock. Run 'pod install' or update your CocoaPods installation.\" >&2\n    exit 1\nfi\n# This output is used by Xcode 'outputs' to avoid re-running this script phase.\necho \"SUCCESS\" > \"${SCRIPT_OUTPUT_FILE_0}\"\n";
			showEnvVarsInLog = 0;
		};
		718464C66E966A6A854F9788 /* [CP] Check Pods Manifest.lock */ = {
			isa = PBXShellScriptBuildPhase;
			buildActionMask = 2147483647;
			files = (
			);
			inputFileListPaths = (
			);
			inputPaths = (
				"${PODS_PODFILE_DIR_PATH}/Podfile.lock",
				"${PODS_ROOT}/Manifest.lock",
			);
			name = "[CP] Check Pods Manifest.lock";
			outputFileListPaths = (
			);
			outputPaths = (
				"$(DERIVED_FILE_DIR)/Pods-NearbyWikiTests-checkManifestLockResult.txt",
			);
			runOnlyForDeploymentPostprocessing = 0;
			shellPath = /bin/sh;
			shellScript = "diff \"${PODS_PODFILE_DIR_PATH}/Podfile.lock\" \"${PODS_ROOT}/Manifest.lock\" > /dev/null\nif [ $? != 0 ] ; then\n    # print error to STDERR\n    echo \"error: The sandbox is not in sync with the Podfile.lock. Run 'pod install' or update your CocoaPods installation.\" >&2\n    exit 1\nfi\n# This output is used by Xcode 'outputs' to avoid re-running this script phase.\necho \"SUCCESS\" > \"${SCRIPT_OUTPUT_FILE_0}\"\n";
			showEnvVarsInLog = 0;
		};
		8468125F2455A8F40007E159 /* SwiftLint */ = {
			isa = PBXShellScriptBuildPhase;
			buildActionMask = 2147483647;
			files = (
			);
			inputFileListPaths = (
			);
			inputPaths = (
			);
			name = SwiftLint;
			outputFileListPaths = (
			);
			outputPaths = (
			);
			runOnlyForDeploymentPostprocessing = 0;
			shellPath = /bin/sh;
			shellScript = "${PODS_ROOT}/SwiftLint/swiftlint autocorrect\n${PODS_ROOT}/SwiftLint/swiftlint\n";
		};
		846812602455A91C0007E159 /* SwiftGen */ = {
			isa = PBXShellScriptBuildPhase;
			buildActionMask = 2147483647;
			files = (
			);
			inputFileListPaths = (
			);
			inputPaths = (
			);
			name = SwiftGen;
			outputFileListPaths = (
			);
			outputPaths = (
			);
			runOnlyForDeploymentPostprocessing = 0;
			shellPath = /bin/sh;
			shellScript = "$PODS_ROOT/SwiftGen/bin/swiftgen config run --config  NearbyWiki-swiftgen.yml\n";
		};
		E524771A5C36B237369A412C /* [CP] Embed Pods Frameworks */ = {
			isa = PBXShellScriptBuildPhase;
			buildActionMask = 2147483647;
			files = (
			);
			inputFileListPaths = (
				"${PODS_ROOT}/Target Support Files/Pods-NearbyWiki/Pods-NearbyWiki-frameworks-${CONFIGURATION}-input-files.xcfilelist",
			);
			name = "[CP] Embed Pods Frameworks";
			outputFileListPaths = (
				"${PODS_ROOT}/Target Support Files/Pods-NearbyWiki/Pods-NearbyWiki-frameworks-${CONFIGURATION}-output-files.xcfilelist",
			);
			runOnlyForDeploymentPostprocessing = 0;
			shellPath = /bin/sh;
			shellScript = "\"${PODS_ROOT}/Target Support Files/Pods-NearbyWiki/Pods-NearbyWiki-frameworks.sh\"\n";
			showEnvVarsInLog = 0;
		};
/* End PBXShellScriptBuildPhase section */

/* Begin PBXSourcesBuildPhase section */
		8468122B24559E1C0007E159 /* Sources */ = {
			isa = PBXSourcesBuildPhase;
			buildActionMask = 2147483647;
			files = (
				846812712455B0DB0007E159 /* Storyboards.swift in Sources */,
				846812662455AE870007E159 /* Alert.swift in Sources */,
				846812702455B0DB0007E159 /* Assets.swift in Sources */,
				846812722455B0DB0007E159 /* Plist.swift in Sources */,
				846812732455B0DB0007E159 /* L10n.swift in Sources */,
				846812632455AD8B0007E159 /* AppDependencies.swift in Sources */,
				8468126B2455AF210007E159 /* StringExtension.swift in Sources */,
				8468125524559F960007E159 /* AppCoordinator.swift in Sources */,
				8468123724559E1C0007E159 /* ViewController.swift in Sources */,
				8468123324559E1C0007E159 /* AppDelegate.swift in Sources */,
			);
			runOnlyForDeploymentPostprocessing = 0;
		};
		8468124124559E200007E159 /* Sources */ = {
			isa = PBXSourcesBuildPhase;
			buildActionMask = 2147483647;
			files = (
				8468124A24559E200007E159 /* NearbyWikiTests.swift in Sources */,
			);
			runOnlyForDeploymentPostprocessing = 0;
		};
/* End PBXSourcesBuildPhase section */

/* Begin PBXTargetDependency section */
		8468124724559E200007E159 /* PBXTargetDependency */ = {
			isa = PBXTargetDependency;
			target = 8468122E24559E1C0007E159 /* NearbyWiki */;
			targetProxy = 8468124624559E200007E159 /* PBXContainerItemProxy */;
		};
/* End PBXTargetDependency section */

/* Begin PBXVariantGroup section */
		8468123824559E1C0007E159 /* Main.storyboard */ = {
			isa = PBXVariantGroup;
			children = (
				8468123924559E1C0007E159 /* Base */,
			);
			name = Main.storyboard;
			sourceTree = "<group>";
		};
		8468123D24559E200007E159 /* LaunchScreen.storyboard */ = {
			isa = PBXVariantGroup;
			children = (
				8468123E24559E200007E159 /* Base */,
			);
			name = LaunchScreen.storyboard;
			sourceTree = "<group>";
		};
/* End PBXVariantGroup section */

/* Begin XCBuildConfiguration section */
		8468124C24559E200007E159 /* Debug */ = {
			isa = XCBuildConfiguration;
			baseConfigurationReference = 8468125E2455A2690007E159 /* Development.xcconfig */;
			buildSettings = {
				ALWAYS_SEARCH_USER_PATHS = NO;
				CLANG_ANALYZER_NONNULL = YES;
				CLANG_ANALYZER_NUMBER_OBJECT_CONVERSION = YES_AGGRESSIVE;
				CLANG_CXX_LANGUAGE_STANDARD = "gnu++14";
				CLANG_CXX_LIBRARY = "libc++";
				CLANG_ENABLE_MODULES = YES;
				CLANG_ENABLE_OBJC_ARC = YES;
				CLANG_ENABLE_OBJC_WEAK = YES;
				CLANG_WARN_BLOCK_CAPTURE_AUTORELEASING = YES;
				CLANG_WARN_BOOL_CONVERSION = YES;
				CLANG_WARN_COMMA = YES;
				CLANG_WARN_CONSTANT_CONVERSION = YES;
				CLANG_WARN_DEPRECATED_OBJC_IMPLEMENTATIONS = YES;
				CLANG_WARN_DIRECT_OBJC_ISA_USAGE = YES_ERROR;
				CLANG_WARN_DOCUMENTATION_COMMENTS = YES;
				CLANG_WARN_EMPTY_BODY = YES;
				CLANG_WARN_ENUM_CONVERSION = YES;
				CLANG_WARN_INFINITE_RECURSION = YES;
				CLANG_WARN_INT_CONVERSION = YES;
				CLANG_WARN_NON_LITERAL_NULL_CONVERSION = YES;
				CLANG_WARN_OBJC_IMPLICIT_RETAIN_SELF = YES;
				CLANG_WARN_OBJC_LITERAL_CONVERSION = YES;
				CLANG_WARN_OBJC_ROOT_CLASS = YES_ERROR;
				CLANG_WARN_RANGE_LOOP_ANALYSIS = YES;
				CLANG_WARN_STRICT_PROTOTYPES = YES;
				CLANG_WARN_SUSPICIOUS_MOVE = YES;
				CLANG_WARN_UNGUARDED_AVAILABILITY = YES_AGGRESSIVE;
				CLANG_WARN_UNREACHABLE_CODE = YES;
				CLANG_WARN__DUPLICATE_METHOD_MATCH = YES;
				COPY_PHASE_STRIP = NO;
				DEBUG_INFORMATION_FORMAT = dwarf;
				ENABLE_STRICT_OBJC_MSGSEND = YES;
				ENABLE_TESTABILITY = YES;
				GCC_C_LANGUAGE_STANDARD = gnu11;
				GCC_DYNAMIC_NO_PIC = NO;
				GCC_NO_COMMON_BLOCKS = YES;
				GCC_OPTIMIZATION_LEVEL = 0;
				GCC_PREPROCESSOR_DEFINITIONS = (
					"DEBUG=1",
					"$(inherited)",
				);
				GCC_WARN_64_TO_32_BIT_CONVERSION = YES;
				GCC_WARN_ABOUT_RETURN_TYPE = YES_ERROR;
				GCC_WARN_UNDECLARED_SELECTOR = YES;
				GCC_WARN_UNINITIALIZED_AUTOS = YES_AGGRESSIVE;
				GCC_WARN_UNUSED_FUNCTION = YES;
				GCC_WARN_UNUSED_VARIABLE = YES;
				IPHONEOS_DEPLOYMENT_TARGET = 13.4;
				MTL_ENABLE_DEBUG_INFO = INCLUDE_SOURCE;
				MTL_FAST_MATH = YES;
				ONLY_ACTIVE_ARCH = YES;
				SDKROOT = iphoneos;
				SWIFT_ACTIVE_COMPILATION_CONDITIONS = DEBUG;
				SWIFT_OPTIMIZATION_LEVEL = "-Onone";
			};
			name = Debug;
		};
		8468124D24559E200007E159 /* Release */ = {
			isa = XCBuildConfiguration;
			baseConfigurationReference = 8468125E2455A2690007E159 /* Development.xcconfig */;
			buildSettings = {
				ALWAYS_SEARCH_USER_PATHS = NO;
				CLANG_ANALYZER_NONNULL = YES;
				CLANG_ANALYZER_NUMBER_OBJECT_CONVERSION = YES_AGGRESSIVE;
				CLANG_CXX_LANGUAGE_STANDARD = "gnu++14";
				CLANG_CXX_LIBRARY = "libc++";
				CLANG_ENABLE_MODULES = YES;
				CLANG_ENABLE_OBJC_ARC = YES;
				CLANG_ENABLE_OBJC_WEAK = YES;
				CLANG_WARN_BLOCK_CAPTURE_AUTORELEASING = YES;
				CLANG_WARN_BOOL_CONVERSION = YES;
				CLANG_WARN_COMMA = YES;
				CLANG_WARN_CONSTANT_CONVERSION = YES;
				CLANG_WARN_DEPRECATED_OBJC_IMPLEMENTATIONS = YES;
				CLANG_WARN_DIRECT_OBJC_ISA_USAGE = YES_ERROR;
				CLANG_WARN_DOCUMENTATION_COMMENTS = YES;
				CLANG_WARN_EMPTY_BODY = YES;
				CLANG_WARN_ENUM_CONVERSION = YES;
				CLANG_WARN_INFINITE_RECURSION = YES;
				CLANG_WARN_INT_CONVERSION = YES;
				CLANG_WARN_NON_LITERAL_NULL_CONVERSION = YES;
				CLANG_WARN_OBJC_IMPLICIT_RETAIN_SELF = YES;
				CLANG_WARN_OBJC_LITERAL_CONVERSION = YES;
				CLANG_WARN_OBJC_ROOT_CLASS = YES_ERROR;
				CLANG_WARN_RANGE_LOOP_ANALYSIS = YES;
				CLANG_WARN_STRICT_PROTOTYPES = YES;
				CLANG_WARN_SUSPICIOUS_MOVE = YES;
				CLANG_WARN_UNGUARDED_AVAILABILITY = YES_AGGRESSIVE;
				CLANG_WARN_UNREACHABLE_CODE = YES;
				CLANG_WARN__DUPLICATE_METHOD_MATCH = YES;
				COPY_PHASE_STRIP = NO;
				DEBUG_INFORMATION_FORMAT = "dwarf-with-dsym";
				ENABLE_NS_ASSERTIONS = NO;
				ENABLE_STRICT_OBJC_MSGSEND = YES;
				GCC_C_LANGUAGE_STANDARD = gnu11;
				GCC_NO_COMMON_BLOCKS = YES;
				GCC_WARN_64_TO_32_BIT_CONVERSION = YES;
				GCC_WARN_ABOUT_RETURN_TYPE = YES_ERROR;
				GCC_WARN_UNDECLARED_SELECTOR = YES;
				GCC_WARN_UNINITIALIZED_AUTOS = YES_AGGRESSIVE;
				GCC_WARN_UNUSED_FUNCTION = YES;
				GCC_WARN_UNUSED_VARIABLE = YES;
				IPHONEOS_DEPLOYMENT_TARGET = 13.4;
				MTL_ENABLE_DEBUG_INFO = NO;
				MTL_FAST_MATH = YES;
				SDKROOT = iphoneos;
				SWIFT_COMPILATION_MODE = wholemodule;
				SWIFT_OPTIMIZATION_LEVEL = "-O";
				VALIDATE_PRODUCT = YES;
			};
			name = Release;
		};
		8468124F24559E200007E159 /* Debug */ = {
			isa = XCBuildConfiguration;
			baseConfigurationReference = E6A5947D9D01CC14DC1062C7 /* Pods-NearbyWiki.debug.xcconfig */;
			buildSettings = {
				ASSETCATALOG_COMPILER_APPICON_NAME = AppIcon;
				CODE_SIGN_STYLE = Manual;
				DEVELOPMENT_TEAM = "";
				INFOPLIST_FILE = NearbyWiki/Info.plist;
				IPHONEOS_DEPLOYMENT_TARGET = 12.0;
				LD_RUNPATH_SEARCH_PATHS = (
					"$(inherited)",
					"@executable_path/Frameworks",
				);
				PRODUCT_BUNDLE_IDENTIFIER = testtask.NearbyWiki;
				PRODUCT_NAME = "$(TARGET_NAME)";
				PROVISIONING_PROFILE_SPECIFIER = "";
				SWIFT_VERSION = 5.0;
				TARGETED_DEVICE_FAMILY = 1;
			};
			name = Debug;
		};
		8468125024559E200007E159 /* Release */ = {
			isa = XCBuildConfiguration;
			baseConfigurationReference = 714C00590EB4D007EF8DD562 /* Pods-NearbyWiki.release.xcconfig */;
			buildSettings = {
				ASSETCATALOG_COMPILER_APPICON_NAME = AppIcon;
				CODE_SIGN_STYLE = Manual;
				DEVELOPMENT_TEAM = "";
				INFOPLIST_FILE = NearbyWiki/Info.plist;
				IPHONEOS_DEPLOYMENT_TARGET = 12.0;
				LD_RUNPATH_SEARCH_PATHS = (
					"$(inherited)",
					"@executable_path/Frameworks",
				);
				PRODUCT_BUNDLE_IDENTIFIER = testtask.NearbyWiki;
				PRODUCT_NAME = "$(TARGET_NAME)";
				PROVISIONING_PROFILE_SPECIFIER = "";
				SWIFT_VERSION = 5.0;
				TARGETED_DEVICE_FAMILY = 1;
			};
			name = Release;
		};
		8468125224559E200007E159 /* Debug */ = {
			isa = XCBuildConfiguration;
			baseConfigurationReference = 8AB9C45C36480C2683E60D3A /* Pods-NearbyWikiTests.debug.xcconfig */;
			buildSettings = {
				ALWAYS_EMBED_SWIFT_STANDARD_LIBRARIES = YES;
				BUNDLE_LOADER = "$(TEST_HOST)";
				CODE_SIGN_STYLE = Automatic;
				INFOPLIST_FILE = NearbyWikiTests/Info.plist;
				IPHONEOS_DEPLOYMENT_TARGET = 13.4;
				LD_RUNPATH_SEARCH_PATHS = (
					"$(inherited)",
					"@executable_path/Frameworks",
					"@loader_path/Frameworks",
				);
				PRODUCT_BUNDLE_IDENTIFIER = testtask.NearbyWikiTests;
				PRODUCT_NAME = "$(TARGET_NAME)";
				SWIFT_VERSION = 5.0;
				TARGETED_DEVICE_FAMILY = "1,2";
				TEST_HOST = "$(BUILT_PRODUCTS_DIR)/NearbyWiki.app/NearbyWiki";
			};
			name = Debug;
		};
		8468125324559E200007E159 /* Release */ = {
			isa = XCBuildConfiguration;
			baseConfigurationReference = 3A4BE86A335B9DF361B94494 /* Pods-NearbyWikiTests.release.xcconfig */;
			buildSettings = {
				ALWAYS_EMBED_SWIFT_STANDARD_LIBRARIES = YES;
				BUNDLE_LOADER = "$(TEST_HOST)";
				CODE_SIGN_STYLE = Automatic;
				INFOPLIST_FILE = NearbyWikiTests/Info.plist;
				IPHONEOS_DEPLOYMENT_TARGET = 13.4;
				LD_RUNPATH_SEARCH_PATHS = (
					"$(inherited)",
					"@executable_path/Frameworks",
					"@loader_path/Frameworks",
				);
				PRODUCT_BUNDLE_IDENTIFIER = testtask.NearbyWikiTests;
				PRODUCT_NAME = "$(TARGET_NAME)";
				SWIFT_VERSION = 5.0;
				TARGETED_DEVICE_FAMILY = "1,2";
				TEST_HOST = "$(BUILT_PRODUCTS_DIR)/NearbyWiki.app/NearbyWiki";
			};
			name = Release;
		};
/* End XCBuildConfiguration section */

/* Begin XCConfigurationList section */
		8468122A24559E1C0007E159 /* Build configuration list for PBXProject "NearbyWiki" */ = {
			isa = XCConfigurationList;
			buildConfigurations = (
				8468124C24559E200007E159 /* Debug */,
				8468124D24559E200007E159 /* Release */,
			);
			defaultConfigurationIsVisible = 0;
			defaultConfigurationName = Release;
		};
		8468124E24559E200007E159 /* Build configuration list for PBXNativeTarget "NearbyWiki" */ = {
			isa = XCConfigurationList;
			buildConfigurations = (
				8468124F24559E200007E159 /* Debug */,
				8468125024559E200007E159 /* Release */,
			);
			defaultConfigurationIsVisible = 0;
			defaultConfigurationName = Release;
		};
		8468125124559E200007E159 /* Build configuration list for PBXNativeTarget "NearbyWikiTests" */ = {
			isa = XCConfigurationList;
			buildConfigurations = (
				8468125224559E200007E159 /* Debug */,
				8468125324559E200007E159 /* Release */,
			);
			defaultConfigurationIsVisible = 0;
			defaultConfigurationName = Release;
		};
/* End XCConfigurationList section */
	};
	rootObject = 8468122724559E1C0007E159 /* Project object */;
}
