PODS:
  - Alamofire (5.1.0)
  - Moya/Core (14.0.0):
    - Alamofire (~> 5.0)
  - Moya/RxSwift (14.0.0):
    - Moya/Core
    - RxSwift (~> 5.0)
  - RxSwift (5.1.1)
  - SwiftGen (6.1.0)
  - SwiftLint (0.27.0)
  - Swinject (2.6.0)

DEPENDENCIES:
  - Moya/RxSwift (= 14.0.0)
  - SwiftGen (= 6.1.0)
  - SwiftLint (= 0.27.0)
  - Swinject (= 2.6.0)

SPEC REPOS:
  trunk:
    - Alamofire
    - Moya
    - RxSwift
    - SwiftGen
    - SwiftLint
    - Swinject

SPEC CHECKSUMS:
  Alamofire: 9d5c5f602928e512395b30950c5984eca840093c
  Moya: 5b45dacb75adb009f97fde91c204c1e565d31916
  RxSwift: 81470a2074fa8780320ea5fe4102807cb7118178
  SwiftGen: f872ca75cbd17bf7103c17f13dcfa0d9a15667b0
  SwiftLint: 3207c1faa2240bf8973b191820a116113cd11073
  Swinject: 48a96cda93633cf2860697b4ce76ab5db9ebaca2

PODFILE CHECKSUM: 30773cd0e5079de5c3b350cf67f134840d97b1b3

COCOAPODS: 1.8.4
